
Microsoft Visual Studio Solution File, Format Version 12.00
# Visual Studio 14
VisualStudioVersion = 14.0.24720.0
MinimumVisualStudioVersion = 10.0.40219.1
Project("{FAE04EC0-301F-11D3-BF4B-00C04F79EFBC}") = "AnAirport.Entities", "Airport.Entities\AnAirport.Entities.csproj", "{3CDC2250-1A6D-4E49-A336-3FABED4D4AA0}"
EndProject
Project("{FAE04EC0-301F-11D3-BF4B-00C04F79EFBC}") = "AnAirport.Repository", "Airport.Repository\AnAirport.Repository.csproj", "{0A96EAB6-AF47-4769-B690-0225E1091444}"
EndProject
Project("{FAE04EC0-301F-11D3-BF4B-00C04F79EFBC}") = "AnAirport.WebApp", "AnAirport.WebApp\AnAirport.WebApp.csproj", "{FDFB1C27-4304-44E6-83AB-A96E3C7FA0EF}"
EndProject
Global
	GlobalSection(SolutionConfigurationPlatforms) = preSolution
		Debug|Any CPU = Debug|Any CPU
		Release|Any CPU = Release|Any CPU
	EndGlobalSection
	GlobalSection(ProjectConfigurationPlatforms) = postSolution
		{3CDC2250-1A6D-4E49-A336-3FABED4D4AA0}.Debug|Any CPU.ActiveCfg = Debug|Any CPU
		{3CDC2250-1A6D-4E49-A336-3FABED4D4AA0}.Debug|Any CPU.Build.0 = Debug|Any CPU
		{3CDC2250-1A6D-4E49-A336-3FABED4D4AA0}.Release|Any CPU.ActiveCfg = Release|Any CPU
		{3CDC2250-1A6D-4E49-A336-3FABED4D4AA0}.Release|Any CPU.Build.0 = Release|Any CPU
		{0A96EAB6-AF47-4769-B690-0225E1091444}.Debug|Any CPU.ActiveCfg = Debug|Any CPU
		{0A96EAB6-AF47-4769-B690-0225E1091444}.Debug|Any CPU.Build.0 = Debug|Any CPU
		{0A96EAB6-AF47-4769-B690-0225E1091444}.Release|Any CPU.ActiveCfg = Release|Any CPU
		{0A96EAB6-AF47-4769-B690-0225E1091444}.Release|Any CPU.Build.0 = Release|Any CPU
		{FDFB1C27-4304-44E6-83AB-A96E3C7FA0EF}.Debug|Any CPU.ActiveCfg = Debug|Any CPU
		{FDFB1C27-4304-44E6-83AB-A96E3C7FA0EF}.Debug|Any CPU.Build.0 = Debug|Any CPU
		{FDFB1C27-4304-44E6-83AB-A96E3C7FA0EF}.Release|Any CPU.ActiveCfg = Release|Any CPU
		{FDFB1C27-4304-44E6-83AB-A96E3C7FA0EF}.Release|Any CPU.Build.0 = Release|Any CPU
	EndGlobalSection
	GlobalSection(SolutionProperties) = preSolution
		HideSolutionNode = FALSE
	EndGlobalSection
EndGlobal
